// !$*UTF8*$!
{
	archiveVersion = 1;
	classes = {
	};
	objectVersion = 50;
	objects = {

/* Begin PBXBuildFile section */
		779A9C1823026DF2004C6575 /* AppDelegate.swift in Sources */ = {isa = PBXBuildFile; fileRef = 779A9C1723026DF2004C6575 /* AppDelegate.swift */; };
		779A9C1A23026DF2004C6575 /* TezosKitDemoViewController.swift in Sources */ = {isa = PBXBuildFile; fileRef = 779A9C1923026DF2004C6575 /* TezosKitDemoViewController.swift */; };
		779A9C1F23026DF8004C6575 /* Assets.xcassets in Resources */ = {isa = PBXBuildFile; fileRef = 779A9C1E23026DF8004C6575 /* Assets.xcassets */; };
		779A9C2223026DF8004C6575 /* LaunchScreen.storyboard in Resources */ = {isa = PBXBuildFile; fileRef = 779A9C2023026DF8004C6575 /* LaunchScreen.storyboard */; };
		779A9C2A2303A72A004C6575 /* TezosKitDemoView.swift in Sources */ = {isa = PBXBuildFile; fileRef = 779A9C292303A72A004C6575 /* TezosKitDemoView.swift */; };
		779A9C2C2303B2F2004C6575 /* Wallet+Funded.swift in Sources */ = {isa = PBXBuildFile; fileRef = 779A9C2B2303B2F2004C6575 /* Wallet+Funded.swift */; };
		779A9C2F2303B607004C6575 /* TezosKit.framework in Frameworks */ = {isa = PBXBuildFile; fileRef = 779A9C2E2303B607004C6575 /* TezosKit.framework */; };
		779A9C3323049784004C6575 /* String+SmartContract.swift in Sources */ = {isa = PBXBuildFile; fileRef = 779A9C3223049784004C6575 /* String+SmartContract.swift */; };
		779A9C352304B2F6004C6575 /* URL+Alphanet.swift in Sources */ = {isa = PBXBuildFile; fileRef = 779A9C342304B2F6004C6575 /* URL+Alphanet.swift */; };
/* End PBXBuildFile section */

/* Begin PBXFileReference section */
		779A9C1423026DF2004C6575 /* TezosKitDemo.app */ = {isa = PBXFileReference; explicitFileType = wrapper.application; includeInIndex = 0; path = TezosKitDemo.app; sourceTree = BUILT_PRODUCTS_DIR; };
		779A9C1723026DF2004C6575 /* AppDelegate.swift */ = {isa = PBXFileReference; lastKnownFileType = sourcecode.swift; path = AppDelegate.swift; sourceTree = "<group>"; };
		779A9C1923026DF2004C6575 /* TezosKitDemoViewController.swift */ = {isa = PBXFileReference; lastKnownFileType = sourcecode.swift; path = TezosKitDemoViewController.swift; sourceTree = "<group>"; };
		779A9C1E23026DF8004C6575 /* Assets.xcassets */ = {isa = PBXFileReference; lastKnownFileType = folder.assetcatalog; path = Assets.xcassets; sourceTree = "<group>"; };
		779A9C2123026DF8004C6575 /* Base */ = {isa = PBXFileReference; lastKnownFileType = file.storyboard; name = Base; path = Base.lproj/LaunchScreen.storyboard; sourceTree = "<group>"; };
		779A9C2323026DF8004C6575 /* Info.plist */ = {isa = PBXFileReference; lastKnownFileType = text.plist.xml; path = Info.plist; sourceTree = "<group>"; };
		779A9C292303A72A004C6575 /* TezosKitDemoView.swift */ = {isa = PBXFileReference; lastKnownFileType = sourcecode.swift; path = TezosKitDemoView.swift; sourceTree = "<group>"; };
		779A9C2B2303B2F2004C6575 /* Wallet+Funded.swift */ = {isa = PBXFileReference; lastKnownFileType = sourcecode.swift; path = "Wallet+Funded.swift"; sourceTree = "<group>"; };
		779A9C2E2303B607004C6575 /* TezosKit.framework */ = {isa = PBXFileReference; lastKnownFileType = wrapper.framework; name = TezosKit.framework; path = Carthage/Build/iOS/TezosKit.framework; sourceTree = "<group>"; };
		779A9C3223049784004C6575 /* String+SmartContract.swift */ = {isa = PBXFileReference; lastKnownFileType = sourcecode.swift; path = "String+SmartContract.swift"; sourceTree = "<group>"; };
		779A9C342304B2F6004C6575 /* URL+Alphanet.swift */ = {isa = PBXFileReference; lastKnownFileType = sourcecode.swift; path = "URL+Alphanet.swift"; sourceTree = "<group>"; };
/* End PBXFileReference section */

/* Begin PBXFrameworksBuildPhase section */
		779A9C1123026DF2004C6575 /* Frameworks */ = {
			isa = PBXFrameworksBuildPhase;
			buildActionMask = 2147483647;
			files = (
				779A9C2F2303B607004C6575 /* TezosKit.framework in Frameworks */,
			);
			runOnlyForDeploymentPostprocessing = 0;
		};
/* End PBXFrameworksBuildPhase section */

/* Begin PBXGroup section */
		779A9C0B23026DF2004C6575 = {
			isa = PBXGroup;
			children = (
				779A9C2E2303B607004C6575 /* TezosKit.framework */,
				779A9C1623026DF2004C6575 /* TezosKitDemo */,
				779A9C1523026DF2004C6575 /* Products */,
			);
			sourceTree = "<group>";
		};
		779A9C1523026DF2004C6575 /* Products */ = {
			isa = PBXGroup;
			children = (
				779A9C1423026DF2004C6575 /* TezosKitDemo.app */,
			);
			name = Products;
			sourceTree = "<group>";
		};
		779A9C1623026DF2004C6575 /* TezosKitDemo */ = {
			isa = PBXGroup;
			children = (
				779A9C362305096C004C6575 /* Extensions */,
				779A9C1723026DF2004C6575 /* AppDelegate.swift */,
				779A9C292303A72A004C6575 /* TezosKitDemoView.swift */,
				779A9C1923026DF2004C6575 /* TezosKitDemoViewController.swift */,
				779A9C1E23026DF8004C6575 /* Assets.xcassets */,
				779A9C2023026DF8004C6575 /* LaunchScreen.storyboard */,
				779A9C2323026DF8004C6575 /* Info.plist */,
			);
			path = TezosKitDemo;
			sourceTree = "<group>";
		};
		779A9C362305096C004C6575 /* Extensions */ = {
			isa = PBXGroup;
			children = (
				779A9C342304B2F6004C6575 /* URL+Alphanet.swift */,
				779A9C2B2303B2F2004C6575 /* Wallet+Funded.swift */,
				779A9C3223049784004C6575 /* String+SmartContract.swift */,
			);
			path = Extensions;
			sourceTree = "<group>";
		};
/* End PBXGroup section */

/* Begin PBXNativeTarget section */
		779A9C1323026DF2004C6575 /* TezosKitDemo */ = {
			isa = PBXNativeTarget;
			buildConfigurationList = 779A9C2623026DF8004C6575 /* Build configuration list for PBXNativeTarget "TezosKitDemo" */;
			buildPhases = (
				779A9C1023026DF2004C6575 /* Sources */,
				779A9C1123026DF2004C6575 /* Frameworks */,
				779A9C1223026DF2004C6575 /* Resources */,
				779A9C2D2303B409004C6575 /* ShellScript */,
			);
			buildRules = (
			);
			dependencies = (
			);
			name = TezosKitDemo;
			productName = TezosKitDemo;
			productReference = 779A9C1423026DF2004C6575 /* TezosKitDemo.app */;
			productType = "com.apple.product-type.application";
		};
/* End PBXNativeTarget section */

/* Begin PBXProject section */
		779A9C0C23026DF2004C6575 /* Project object */ = {
			isa = PBXProject;
			attributes = {
				LastSwiftUpdateCheck = 1030;
				LastUpgradeCheck = 1030;
				ORGANIZATIONNAME = "Keefer Taylor";
				TargetAttributes = {
					779A9C1323026DF2004C6575 = {
						CreatedOnToolsVersion = 10.3;
					};
				};
			};
			buildConfigurationList = 779A9C0F23026DF2004C6575 /* Build configuration list for PBXProject "TezosKitDemo" */;
			compatibilityVersion = "Xcode 9.3";
			developmentRegion = en;
			hasScannedForEncodings = 0;
			knownRegions = (
				en,
				Base,
			);
			mainGroup = 779A9C0B23026DF2004C6575;
			productRefGroup = 779A9C1523026DF2004C6575 /* Products */;
			projectDirPath = "";
			projectRoot = "";
			targets = (
				779A9C1323026DF2004C6575 /* TezosKitDemo */,
			);
		};
/* End PBXProject section */

/* Begin PBXResourcesBuildPhase section */
		779A9C1223026DF2004C6575 /* Resources */ = {
			isa = PBXResourcesBuildPhase;
			buildActionMask = 2147483647;
			files = (
				779A9C2223026DF8004C6575 /* LaunchScreen.storyboard in Resources */,
				779A9C1F23026DF8004C6575 /* Assets.xcassets in Resources */,
			);
			runOnlyForDeploymentPostprocessing = 0;
		};
/* End PBXResourcesBuildPhase section */

/* Begin PBXShellScriptBuildPhase section */
		779A9C2D2303B409004C6575 /* ShellScript */ = {
			isa = PBXShellScriptBuildPhase;
			buildActionMask = 2147483647;
			files = (
			);
			inputFileListPaths = (
			);
			inputPaths = (
				"$(SRCROOT)/Carthage/Build/iOS/TezosKit.framework",
				"$(SRCROOT)/Carthage/Build/iOS/PromiseKit.framework",
				"$(SRCROOT)/Carthage/Build/iOS/TezosCrypto.framework",
				"$(SRCROOT)/Carthage/Build/iOS/Sodium.framework",
				"$(SRCROOT)/Carthage/Build/iOS/BigInt.framework",
				"$(SRCROOT)/Carthage/Build/iOS/MnemonicKit.framework",
				"$(SRCROOT)/Carthage/Build/iOS/Base58Swift.framework",
				"$(SRCROOT)/Carthage/Build/iOS/SipHash.framework",
				"$(SRCROOT)/Carthage/Build/iOS/CryptoSwift.framework",
			);
			outputFileListPaths = (
			);
			outputPaths = (
				"$(BUILT_PRODUCTS_DIR)/$(FRAMEWORKS_FOLDER_PATH)/TezosKit.framework",
				"$(BUILT_PRODUCTS_DIR)/$(FRAMEWORKS_FOLDER_PATH)/PromiseKit.framework",
				"$(BUILT_PRODUCTS_DIR)/$(FRAMEWORKS_FOLDER_PATH)/TezosCrypto.framework",
				"$(BUILT_PRODUCTS_DIR)/$(FRAMEWORKS_FOLDER_PATH)/Sodium.framework",
				"$(BUILT_PRODUCTS_DIR)/$(FRAMEWORKS_FOLDER_PATH)/BigInt.framework",
				"$(BUILT_PRODUCTS_DIR)/$(FRAMEWORKS_FOLDER_PATH)/MnemonicKit.framework",
				"$(BUILT_PRODUCTS_DIR)/$(FRAMEWORKS_FOLDER_PATH)/Base58Swift.framework",
				"$(BUILT_PRODUCTS_DIR)/$(FRAMEWORKS_FOLDER_PATH)/SipHash.framework",
				"$(BUILT_PRODUCTS_DIR)/$(FRAMEWORKS_FOLDER_PATH)/CryptoSwift.framework",
			);
			runOnlyForDeploymentPostprocessing = 0;
			shellPath = /bin/sh;
			shellScript = "/usr/local/bin/carthage copy-frameworks\n";
		};
/* End PBXShellScriptBuildPhase section */

/* Begin PBXSourcesBuildPhase section */
		779A9C1023026DF2004C6575 /* Sources */ = {
			isa = PBXSourcesBuildPhase;
			buildActionMask = 2147483647;
			files = (
				779A9C2C2303B2F2004C6575 /* Wallet+Funded.swift in Sources */,
				779A9C2A2303A72A004C6575 /* TezosKitDemoView.swift in Sources */,
				779A9C352304B2F6004C6575 /* URL+Alphanet.swift in Sources */,
				779A9C1A23026DF2004C6575 /* TezosKitDemoViewController.swift in Sources */,
				779A9C1823026DF2004C6575 /* AppDelegate.swift in Sources */,
				779A9C3323049784004C6575 /* String+SmartContract.swift in Sources */,
			);
			runOnlyForDeploymentPostprocessing = 0;
		};
/* End PBXSourcesBuildPhase section */

/* Begin PBXVariantGroup section */
		779A9C2023026DF8004C6575 /* LaunchScreen.storyboard */ = {
			isa = PBXVariantGroup;
			children = (
				779A9C2123026DF8004C6575 /* Base */,
			);
			name = LaunchScreen.storyboard;
			sourceTree = "<group>";
		};
/* End PBXVariantGroup section */

/* Begin XCBuildConfiguration section */
		779A9C2423026DF8004C6575 /* Debug */ = {
			isa = XCBuildConfiguration;
			buildSettings = {
				ALWAYS_SEARCH_USER_PATHS = NO;
				CLANG_ANALYZER_NONNULL = YES;
				CLANG_ANALYZER_NUMBER_OBJECT_CONVERSION = YES_AGGRESSIVE;
				CLANG_CXX_LANGUAGE_STANDARD = "gnu++14";
				CLANG_CXX_LIBRARY = "libc++";
				CLANG_ENABLE_MODULES = YES;
				CLANG_ENABLE_OBJC_ARC = YES;
				CLANG_ENABLE_OBJC_WEAK = YES;
				CLANG_WARN_BLOCK_CAPTURE_AUTORELEASING = YES;
				CLANG_WARN_BOOL_CONVERSION = YES;
				CLANG_WARN_COMMA = YES;
				CLANG_WARN_CONSTANT_CONVERSION = YES;
				CLANG_WARN_DEPRECATED_OBJC_IMPLEMENTATIONS = YES;
				CLANG_WARN_DIRECT_OBJC_ISA_USAGE = YES_ERROR;
				CLANG_WARN_DOCUMENTATION_COMMENTS = YES;
				CLANG_WARN_EMPTY_BODY = YES;
				CLANG_WARN_ENUM_CONVERSION = YES;
				CLANG_WARN_INFINITE_RECURSION = YES;
				CLANG_WARN_INT_CONVERSION = YES;
				CLANG_WARN_NON_LITERAL_NULL_CONVERSION = YES;
				CLANG_WARN_OBJC_IMPLICIT_RETAIN_SELF = YES;
				CLANG_WARN_OBJC_LITERAL_CONVERSION = YES;
				CLANG_WARN_OBJC_ROOT_CLASS = YES_ERROR;
				CLANG_WARN_RANGE_LOOP_ANALYSIS = YES;
				CLANG_WARN_STRICT_PROTOTYPES = YES;
				CLANG_WARN_SUSPICIOUS_MOVE = YES;
				CLANG_WARN_UNGUARDED_AVAILABILITY = YES_AGGRESSIVE;
				CLANG_WARN_UNREACHABLE_CODE = YES;
				CLANG_WARN__DUPLICATE_METHOD_MATCH = YES;
				CODE_SIGN_IDENTITY = "iPhone Developer";
				COPY_PHASE_STRIP = NO;
				DEBUG_INFORMATION_FORMAT = dwarf;
				ENABLE_STRICT_OBJC_MSGSEND = YES;
				ENABLE_TESTABILITY = YES;
				GCC_C_LANGUAGE_STANDARD = gnu11;
				GCC_DYNAMIC_NO_PIC = NO;
				GCC_NO_COMMON_BLOCKS = YES;
				GCC_OPTIMIZATION_LEVEL = 0;
				GCC_PREPROCESSOR_DEFINITIONS = (
					"DEBUG=1",
					"$(inherited)",
				);
				GCC_WARN_64_TO_32_BIT_CONVERSION = YES;
				GCC_WARN_ABOUT_RETURN_TYPE = YES_ERROR;
				GCC_WARN_UNDECLARED_SELECTOR = YES;
				GCC_WARN_UNINITIALIZED_AUTOS = YES_AGGRESSIVE;
				GCC_WARN_UNUSED_FUNCTION = YES;
				GCC_WARN_UNUSED_VARIABLE = YES;
				IPHONEOS_DEPLOYMENT_TARGET = 12.4;
				MTL_ENABLE_DEBUG_INFO = INCLUDE_SOURCE;
				MTL_FAST_MATH = YES;
				ONLY_ACTIVE_ARCH = YES;
				SDKROOT = iphoneos;
				SWIFT_ACTIVE_COMPILATION_CONDITIONS = DEBUG;
				SWIFT_OPTIMIZATION_LEVEL = "-Onone";
			};
			name = Debug;
		};
		779A9C2523026DF8004C6575 /* Release */ = {
			isa = XCBuildConfiguration;
			buildSettings = {
				ALWAYS_SEARCH_USER_PATHS = NO;
				CLANG_ANALYZER_NONNULL = YES;
				CLANG_ANALYZER_NUMBER_OBJECT_CONVERSION = YES_AGGRESSIVE;
				CLANG_CXX_LANGUAGE_STANDARD = "gnu++14";
				CLANG_CXX_LIBRARY = "libc++";
				CLANG_ENABLE_MODULES = YES;
				CLANG_ENABLE_OBJC_ARC = YES;
				CLANG_ENABLE_OBJC_WEAK = YES;
				CLANG_WARN_BLOCK_CAPTURE_AUTORELEASING = YES;
				CLANG_WARN_BOOL_CONVERSION = YES;
				CLANG_WARN_COMMA = YES;
				CLANG_WARN_CONSTANT_CONVERSION = YES;
				CLANG_WARN_DEPRECATED_OBJC_IMPLEMENTATIONS = YES;
				CLANG_WARN_DIRECT_OBJC_ISA_USAGE = YES_ERROR;
				CLANG_WARN_DOCUMENTATION_COMMENTS = YES;
				CLANG_WARN_EMPTY_BODY = YES;
				CLANG_WARN_ENUM_CONVERSION = YES;
				CLANG_WARN_INFINITE_RECURSION = YES;
				CLANG_WARN_INT_CONVERSION = YES;
				CLANG_WARN_NON_LITERAL_NULL_CONVERSION = YES;
				CLANG_WARN_OBJC_IMPLICIT_RETAIN_SELF = YES;
				CLANG_WARN_OBJC_LITERAL_CONVERSION = YES;
				CLANG_WARN_OBJC_ROOT_CLASS = YES_ERROR;
				CLANG_WARN_RANGE_LOOP_ANALYSIS = YES;
				CLANG_WARN_STRICT_PROTOTYPES = YES;
				CLANG_WARN_SUSPICIOUS_MOVE = YES;
				CLANG_WARN_UNGUARDED_AVAILABILITY = YES_AGGRESSIVE;
				CLANG_WARN_UNREACHABLE_CODE = YES;
				CLANG_WARN__DUPLICATE_METHOD_MATCH = YES;
				CODE_SIGN_IDENTITY = "iPhone Developer";
				COPY_PHASE_STRIP = NO;
				DEBUG_INFORMATION_FORMAT = "dwarf-with-dsym";
				ENABLE_NS_ASSERTIONS = NO;
				ENABLE_STRICT_OBJC_MSGSEND = YES;
				GCC_C_LANGUAGE_STANDARD = gnu11;
				GCC_NO_COMMON_BLOCKS = YES;
				GCC_WARN_64_TO_32_BIT_CONVERSION = YES;
				GCC_WARN_ABOUT_RETURN_TYPE = YES_ERROR;
				GCC_WARN_UNDECLARED_SELECTOR = YES;
				GCC_WARN_UNINITIALIZED_AUTOS = YES_AGGRESSIVE;
				GCC_WARN_UNUSED_FUNCTION = YES;
				GCC_WARN_UNUSED_VARIABLE = YES;
				IPHONEOS_DEPLOYMENT_TARGET = 12.4;
				MTL_ENABLE_DEBUG_INFO = NO;
				MTL_FAST_MATH = YES;
				SDKROOT = iphoneos;
				SWIFT_COMPILATION_MODE = wholemodule;
				SWIFT_OPTIMIZATION_LEVEL = "-O";
				VALIDATE_PRODUCT = YES;
			};
			name = Release;
		};
		779A9C2723026DF8004C6575 /* Debug */ = {
			isa = XCBuildConfiguration;
			buildSettings = {
				ASSETCATALOG_COMPILER_APPICON_NAME = AppIcon;
				CODE_SIGN_STYLE = Automatic;
				DEVELOPMENT_TEAM = 6F6VXZUKN5;
				FRAMEWORK_SEARCH_PATHS = (
					"$(inherited)",
					"$(PROJECT_DIR)/Carthage/Build/iOS",
				);
				INFOPLIST_FILE = TezosKitDemo/Info.plist;
				LD_RUNPATH_SEARCH_PATHS = (
					"$(inherited)",
					"@executable_path/Frameworks",
				);
				PRODUCT_BUNDLE_IDENTIFIER = com.keefertaylor.TezosKitDemo;
				PRODUCT_NAME = "$(TARGET_NAME)";
				SWIFT_VERSION = 5.0;
				TARGETED_DEVICE_FAMILY = "1,2";
			};
			name = Debug;
		};
		779A9C2823026DF8004C6575 /* Release */ = {
			isa = XCBuildConfiguration;
			buildSettings = {
				ASSETCATALOG_COMPILER_APPICON_NAME = AppIcon;
				CODE_SIGN_STYLE = Automatic;
				DEVELOPMENT_TEAM = 6F6VXZUKN5;
				FRAMEWORK_SEARCH_PATHS = (
					"$(inherited)",
					"$(PROJECT_DIR)/Carthage/Build/iOS",
				);
				INFOPLIST_FILE = TezosKitDemo/Info.plist;
				LD_RUNPATH_SEARCH_PATHS = (
					"$(inherited)",
					"@executable_path/Frameworks",
				);
				PRODUCT_BUNDLE_IDENTIFIER = com.keefertaylor.TezosKitDemo;
				PRODUCT_NAME = "$(TARGET_NAME)";
				SWIFT_VERSION = 5.0;
				TARGETED_DEVICE_FAMILY = "1,2";
			};
			name = Release;
		};
/* End XCBuildConfiguration section */

/* Begin XCConfigurationList section */
		779A9C0F23026DF2004C6575 /* Build configuration list for PBXProject "TezosKitDemo" */ = {
			isa = XCConfigurationList;
			buildConfigurations = (
				779A9C2423026DF8004C6575 /* Debug */,
				779A9C2523026DF8004C6575 /* Release */,
			);
			defaultConfigurationIsVisible = 0;
			defaultConfigurationName = Release;
		};
		779A9C2623026DF8004C6575 /* Build configuration list for PBXNativeTarget "TezosKitDemo" */ = {
			isa = XCConfigurationList;
			buildConfigurations = (
				779A9C2723026DF8004C6575 /* Debug */,
				779A9C2823026DF8004C6575 /* Release */,
			);
			defaultConfigurationIsVisible = 0;
			defaultConfigurationName = Release;
		};
/* End XCConfigurationList section */
	};
	rootObject = 779A9C0C23026DF2004C6575 /* Project object */;
}
